
Microsoft Visual Studio Solution File, Format Version 11.00
# Visual Studio 2010
# SharpDevelop 5.1
Project("{FAE04EC0-301F-11D3-BF4B-00C04F79EFBC}") = "SeaWar.Client", "SeaWar.Client\SeaWar.Client.csproj", "{5F094D01-5A09-41C7-A81E-3FA868B458F0}"
EndProject
Global
	GlobalSection(SolutionConfigurationPlatforms) = preSolution
		Debug|Any CPU = Debug|Any CPU
		Release|Any CPU = Release|Any CPU
	EndGlobalSection
	GlobalSection(ProjectConfigurationPlatforms) = postSolution
		{5F094D01-5A09-41C7-A81E-3FA868B458F0}.Debug|Any CPU.ActiveCfg = Debug|Any CPU
		{5F094D01-5A09-41C7-A81E-3FA868B458F0}.Debug|Any CPU.Build.0 = Debug|Any CPU
		{5F094D01-5A09-41C7-A81E-3FA868B458F0}.Release|Any CPU.ActiveCfg = Release|Any CPU
		{5F094D01-5A09-41C7-A81E-3FA868B458F0}.Release|Any CPU.Build.0 = Release|Any CPU
	EndGlobalSection
EndGlobal
